
Microsoft Visual Studio Solution File, Format Version 12.00
# Visual Studio Version 16
VisualStudioVersion = 16.0.31205.134
MinimumVisualStudioVersion = 10.0.40219.1
Project("{FAE04EC0-301F-11D3-BF4B-00C04F79EFBC}") = "ControlApplication", "ControlApplication.csproj", "{01A9D66C-D8EE-4035-95AC-442601A608D7}"
EndProject
Global
	GlobalSection(SolutionConfigurationPlatforms) = preSolution
		Debug|Any CPU = Debug|Any CPU
		Release|Any CPU = Release|Any CPU
	EndGlobalSection
	GlobalSection(ProjectConfigurationPlatforms) = postSolution
		{01A9D66C-D8EE-4035-95AC-442601A608D7}.Debug|Any CPU.ActiveCfg = Debug|Any CPU
		{01A9D66C-D8EE-4035-95AC-442601A608D7}.Debug|Any CPU.Build.0 = Debug|Any CPU
		{01A9D66C-D8EE-4035-95AC-442601A608D7}.Release|Any CPU.ActiveCfg = Release|Any CPU
		{01A9D66C-D8EE-4035-95AC-442601A608D7}.Release|Any CPU.Build.0 = Release|Any CPU
	EndGlobalSection
	GlobalSection(SolutionProperties) = preSolution
		HideSolutionNode = FALSE
	EndGlobalSection
	GlobalSection(ExtensibilityGlobals) = postSolution
		SolutionGuid = {157DDCAB-C265-4DC4-BA07-DB0CEB4DCF94}
	EndGlobalSection
EndGlobal
